
Microsoft Visual Studio Solution File, Format Version 12.00
# Visual Studio Version 17
VisualStudioVersion = 17.4.33122.133
MinimumVisualStudioVersion = 10.0.40219.1
Project("{2150E333-8FDC-42A3-9474-1A3956D46DE8}") = "Services", "Services", "{938118F0-E225-4FF8-8C0C-ED38C3C609E3}"
EndProject
Project("{2150E333-8FDC-42A3-9474-1A3956D46DE8}") = "Catalog", "Catalog", "{941FE09D-AF84-4B7F-BB03-6255C944CA1B}"
EndProject
Project("{FAE04EC0-301F-11D3-BF4B-00C04F79EFBC}") = "Catalog.API", "Services\Catalog\Catalog.API\Catalog.API.csproj", "{862992AC-C4B5-45EB-B795-A35BD3992B4F}"
EndProject
Global
	GlobalSection(SolutionConfigurationPlatforms) = preSolution
		Debug|Any CPU = Debug|Any CPU
		Release|Any CPU = Release|Any CPU
	EndGlobalSection
	GlobalSection(ProjectConfigurationPlatforms) = postSolution
		{862992AC-C4B5-45EB-B795-A35BD3992B4F}.Debug|Any CPU.ActiveCfg = Debug|Any CPU
		{862992AC-C4B5-45EB-B795-A35BD3992B4F}.Debug|Any CPU.Build.0 = Debug|Any CPU
		{862992AC-C4B5-45EB-B795-A35BD3992B4F}.Release|Any CPU.ActiveCfg = Release|Any CPU
		{862992AC-C4B5-45EB-B795-A35BD3992B4F}.Release|Any CPU.Build.0 = Release|Any CPU
	EndGlobalSection
	GlobalSection(SolutionProperties) = preSolution
		HideSolutionNode = FALSE
	EndGlobalSection
	GlobalSection(NestedProjects) = preSolution
		{941FE09D-AF84-4B7F-BB03-6255C944CA1B} = {938118F0-E225-4FF8-8C0C-ED38C3C609E3}
		{862992AC-C4B5-45EB-B795-A35BD3992B4F} = {941FE09D-AF84-4B7F-BB03-6255C944CA1B}
	EndGlobalSection
	GlobalSection(ExtensibilityGlobals) = postSolution
		SolutionGuid = {D4E93575-5C5E-4F6A-ABDB-48BE7F9B88A2}
	EndGlobalSection
EndGlobal
